
Microsoft Visual Studio Solution File, Format Version 12.00
# Visual Studio Version 16
VisualStudioVersion = 16.0.31105.61
MinimumVisualStudioVersion = 10.0.40219.1
Project("{888888A0-9F3D-457C-B088-3A5042F75D52}") = "MilkLoversHomeworkAssign", "MilkLoversHomeworkAssign\MilkLoversHomeworkAssign.pyproj", "{59215432-E0FD-4FB1-AC2E-78BA760A5709}"
EndProject
Global
	GlobalSection(SolutionConfigurationPlatforms) = preSolution
		Debug|Any CPU = Debug|Any CPU
		Release|Any CPU = Release|Any CPU
	EndGlobalSection
	GlobalSection(ProjectConfigurationPlatforms) = postSolution
		{59215432-E0FD-4FB1-AC2E-78BA760A5709}.Debug|Any CPU.ActiveCfg = Debug|Any CPU
		{59215432-E0FD-4FB1-AC2E-78BA760A5709}.Release|Any CPU.ActiveCfg = Release|Any CPU
	EndGlobalSection
	GlobalSection(SolutionProperties) = preSolution
		HideSolutionNode = FALSE
	EndGlobalSection
	GlobalSection(ExtensibilityGlobals) = postSolution
		SolutionGuid = {DB8D3F94-435B-471B-B5B1-D1461460C5E6}
	EndGlobalSection
EndGlobal
